
Microsoft Visual Studio Solution File, Format Version 12.00
# Visual Studio 15
VisualStudioVersion = 15.0.27428.2002
MinimumVisualStudioVersion = 10.0.40219.1
Project("{FAE04EC0-301F-11D3-BF4B-00C04F79EFBC}") = "Beastie.Net.Extensions", "src\Beastie.Net.Extensions\Beastie.Net.Extensions.csproj", "{D36AC613-CFD9-49A9-8F0B-697317FB9588}"
EndProject
Global
	GlobalSection(SolutionConfigurationPlatforms) = preSolution
		Debug|Any CPU = Debug|Any CPU
		Release|Any CPU = Release|Any CPU
	EndGlobalSection
	GlobalSection(ProjectConfigurationPlatforms) = postSolution
		{D36AC613-CFD9-49A9-8F0B-697317FB9588}.Debug|Any CPU.ActiveCfg = Debug|Any CPU
		{D36AC613-CFD9-49A9-8F0B-697317FB9588}.Debug|Any CPU.Build.0 = Debug|Any CPU
		{D36AC613-CFD9-49A9-8F0B-697317FB9588}.Release|Any CPU.ActiveCfg = Release|Any CPU
		{D36AC613-CFD9-49A9-8F0B-697317FB9588}.Release|Any CPU.Build.0 = Release|Any CPU
	EndGlobalSection
	GlobalSection(SolutionProperties) = preSolution
		HideSolutionNode = FALSE
	EndGlobalSection
	GlobalSection(ExtensibilityGlobals) = postSolution
		SolutionGuid = {6BA6D985-94AE-4FCC-9CF1-E72AC73B4035}
	EndGlobalSection
EndGlobal
